// !$*UTF8*$!
{
	archiveVersion = 1;
	classes = {
	};
	objectVersion = 46;
	objects = {

/* Begin PBXBuildFile section */
		385898621F2817580021C9BA /* AppDelegate.swift in Sources */ = {isa = PBXBuildFile; fileRef = 385898611F2817580021C9BA /* AppDelegate.swift */; };
		385898661F2817580021C9BA /* Assets.xcassets in Resources */ = {isa = PBXBuildFile; fileRef = 385898651F2817580021C9BA /* Assets.xcassets */; };
		385898691F2817580021C9BA /* LaunchScreen.storyboard in Resources */ = {isa = PBXBuildFile; fileRef = 385898671F2817580021C9BA /* LaunchScreen.storyboard */; };
		385898741F2817580021C9BA /* ContactsTests.swift in Sources */ = {isa = PBXBuildFile; fileRef = 385898731F2817580021C9BA /* ContactsTests.swift */; };
		385898851F28193D0021C9BA /* Contact.swift in Sources */ = {isa = PBXBuildFile; fileRef = 385898801F28193D0021C9BA /* Contact.swift */; };
		385898861F28193D0021C9BA /* ContactLogicManager.swift in Sources */ = {isa = PBXBuildFile; fileRef = 385898811F28193D0021C9BA /* ContactLogicManager.swift */; };
		385898871F28193D0021C9BA /* ContactViewController.swift in Sources */ = {isa = PBXBuildFile; fileRef = 385898821F28193D0021C9BA /* ContactViewController.swift */; };
		385898881F28193D0021C9BA /* ContactViewManager.swift in Sources */ = {isa = PBXBuildFile; fileRef = 385898831F28193D0021C9BA /* ContactViewManager.swift */; };
		385898891F28193D0021C9BA /* ContactViewModel.swift in Sources */ = {isa = PBXBuildFile; fileRef = 385898841F28193D0021C9BA /* ContactViewModel.swift */; };
		3858988B1F2819560021C9BA /* ContactsTableViewController.swift in Sources */ = {isa = PBXBuildFile; fileRef = 3858988A1F2819560021C9BA /* ContactsTableViewController.swift */; };
		385898911F28272B0021C9BA /* ContactTableViewCell.swift in Sources */ = {isa = PBXBuildFile; fileRef = 385898901F28272B0021C9BA /* ContactTableViewCell.swift */; };
		385898931F282AF90021C9BA /* AutoLayout.swift in Sources */ = {isa = PBXBuildFile; fileRef = 385898921F282AF90021C9BA /* AutoLayout.swift */; };
		385898951F2837180021C9BA /* MOCK_DATA.json in Resources */ = {isa = PBXBuildFile; fileRef = 385898941F2837180021C9BA /* MOCK_DATA.json */; };
		3D477D1CCC143D3F84764897 /* Pods_ContactsTests.framework in Frameworks */ = {isa = PBXBuildFile; fileRef = 40DBF243C0EDD3AB6389FCFD /* Pods_ContactsTests.framework */; };
		7BC9FCAF00460D897B965597 /* Pods_Contacts.framework in Frameworks */ = {isa = PBXBuildFile; fileRef = 18C475ECD77F838B1FFAFCF7 /* Pods_Contacts.framework */; };
/* End PBXBuildFile section */

/* Begin PBXContainerItemProxy section */
		385898701F2817580021C9BA /* PBXContainerItemProxy */ = {
			isa = PBXContainerItemProxy;
			containerPortal = 385898561F2817580021C9BA /* Project object */;
			proxyType = 1;
			remoteGlobalIDString = 3858985D1F2817580021C9BA;
			remoteInfo = Contacts;
		};
/* End PBXContainerItemProxy section */

/* Begin PBXFileReference section */
		18C475ECD77F838B1FFAFCF7 /* Pods_Contacts.framework */ = {isa = PBXFileReference; explicitFileType = wrapper.framework; includeInIndex = 0; path = Pods_Contacts.framework; sourceTree = BUILT_PRODUCTS_DIR; };
		3858985E1F2817580021C9BA /* Contacts.app */ = {isa = PBXFileReference; explicitFileType = wrapper.application; includeInIndex = 0; path = Contacts.app; sourceTree = BUILT_PRODUCTS_DIR; };
		385898611F2817580021C9BA /* AppDelegate.swift */ = {isa = PBXFileReference; lastKnownFileType = sourcecode.swift; path = AppDelegate.swift; sourceTree = "<group>"; };
		385898651F2817580021C9BA /* Assets.xcassets */ = {isa = PBXFileReference; lastKnownFileType = folder.assetcatalog; path = Assets.xcassets; sourceTree = "<group>"; };
		385898681F2817580021C9BA /* Base */ = {isa = PBXFileReference; lastKnownFileType = file.storyboard; name = Base; path = Base.lproj/LaunchScreen.storyboard; sourceTree = "<group>"; };
		3858986A1F2817580021C9BA /* Info.plist */ = {isa = PBXFileReference; lastKnownFileType = text.plist.xml; path = Info.plist; sourceTree = "<group>"; };
		3858986F1F2817580021C9BA /* ContactsTests.xctest */ = {isa = PBXFileReference; explicitFileType = wrapper.cfbundle; includeInIndex = 0; path = ContactsTests.xctest; sourceTree = BUILT_PRODUCTS_DIR; };
		385898731F2817580021C9BA /* ContactsTests.swift */ = {isa = PBXFileReference; lastKnownFileType = sourcecode.swift; path = ContactsTests.swift; sourceTree = "<group>"; };
		385898751F2817580021C9BA /* Info.plist */ = {isa = PBXFileReference; lastKnownFileType = text.plist.xml; path = Info.plist; sourceTree = "<group>"; };
		385898801F28193D0021C9BA /* Contact.swift */ = {isa = PBXFileReference; fileEncoding = 4; lastKnownFileType = sourcecode.swift; path = Contact.swift; sourceTree = "<group>"; };
		385898811F28193D0021C9BA /* ContactLogicManager.swift */ = {isa = PBXFileReference; fileEncoding = 4; lastKnownFileType = sourcecode.swift; path = ContactLogicManager.swift; sourceTree = "<group>"; };
		385898821F28193D0021C9BA /* ContactViewController.swift */ = {isa = PBXFileReference; fileEncoding = 4; lastKnownFileType = sourcecode.swift; path = ContactViewController.swift; sourceTree = "<group>"; };
		385898831F28193D0021C9BA /* ContactViewManager.swift */ = {isa = PBXFileReference; fileEncoding = 4; lastKnownFileType = sourcecode.swift; path = ContactViewManager.swift; sourceTree = "<group>"; };
		385898841F28193D0021C9BA /* ContactViewModel.swift */ = {isa = PBXFileReference; fileEncoding = 4; lastKnownFileType = sourcecode.swift; path = ContactViewModel.swift; sourceTree = "<group>"; };
		3858988A1F2819560021C9BA /* ContactsTableViewController.swift */ = {isa = PBXFileReference; fileEncoding = 4; lastKnownFileType = sourcecode.swift; path = ContactsTableViewController.swift; sourceTree = "<group>"; };
		385898901F28272B0021C9BA /* ContactTableViewCell.swift */ = {isa = PBXFileReference; fileEncoding = 4; lastKnownFileType = sourcecode.swift; path = ContactTableViewCell.swift; sourceTree = "<group>"; };
		385898921F282AF90021C9BA /* AutoLayout.swift */ = {isa = PBXFileReference; fileEncoding = 4; lastKnownFileType = sourcecode.swift; path = AutoLayout.swift; sourceTree = "<group>"; };
		385898941F2837180021C9BA /* MOCK_DATA.json */ = {isa = PBXFileReference; fileEncoding = 4; lastKnownFileType = text.json; path = MOCK_DATA.json; sourceTree = "<group>"; };
		385898961F2843C50021C9BA /* LICENSE */ = {isa = PBXFileReference; lastKnownFileType = text; path = LICENSE; sourceTree = "<group>"; };
		385898971F2843C50021C9BA /* README.md */ = {isa = PBXFileReference; lastKnownFileType = net.daringfireball.markdown; path = README.md; sourceTree = "<group>"; };
		385898981F2987B50021C9BA /* MVVM Diagram.png */ = {isa = PBXFileReference; lastKnownFileType = image.png; path = "MVVM Diagram.png"; sourceTree = "<group>"; };
		40DBF243C0EDD3AB6389FCFD /* Pods_ContactsTests.framework */ = {isa = PBXFileReference; explicitFileType = wrapper.framework; includeInIndex = 0; path = Pods_ContactsTests.framework; sourceTree = BUILT_PRODUCTS_DIR; };
		559352461DB642DB0C6F78D0 /* Pods-ContactsTests.debug.xcconfig */ = {isa = PBXFileReference; includeInIndex = 1; lastKnownFileType = text.xcconfig; name = "Pods-ContactsTests.debug.xcconfig"; path = "Pods/Target Support Files/Pods-ContactsTests/Pods-ContactsTests.debug.xcconfig"; sourceTree = "<group>"; };
		9EBCCE2938938AF3B358AA69 /* Pods-ContactsTests.release.xcconfig */ = {isa = PBXFileReference; includeInIndex = 1; lastKnownFileType = text.xcconfig; name = "Pods-ContactsTests.release.xcconfig"; path = "Pods/Target Support Files/Pods-ContactsTests/Pods-ContactsTests.release.xcconfig"; sourceTree = "<group>"; };
		DBDFFB4D9D8A442A13CE0206 /* Pods-Contacts.debug.xcconfig */ = {isa = PBXFileReference; includeInIndex = 1; lastKnownFileType = text.xcconfig; name = "Pods-Contacts.debug.xcconfig"; path = "Pods/Target Support Files/Pods-Contacts/Pods-Contacts.debug.xcconfig"; sourceTree = "<group>"; };
		E0CB7530E04E2B8A7AA76E20 /* Pods-Contacts.release.xcconfig */ = {isa = PBXFileReference; includeInIndex = 1; lastKnownFileType = text.xcconfig; name = "Pods-Contacts.release.xcconfig"; path = "Pods/Target Support Files/Pods-Contacts/Pods-Contacts.release.xcconfig"; sourceTree = "<group>"; };
/* End PBXFileReference section */

/* Begin PBXFrameworksBuildPhase section */
		3858985B1F2817580021C9BA /* Frameworks */ = {
			isa = PBXFrameworksBuildPhase;
			buildActionMask = 2147483647;
			files = (
				7BC9FCAF00460D897B965597 /* Pods_Contacts.framework in Frameworks */,
			);
			runOnlyForDeploymentPostprocessing = 0;
		};
		3858986C1F2817580021C9BA /* Frameworks */ = {
			isa = PBXFrameworksBuildPhase;
			buildActionMask = 2147483647;
			files = (
				3D477D1CCC143D3F84764897 /* Pods_ContactsTests.framework in Frameworks */,
			);
			runOnlyForDeploymentPostprocessing = 0;
		};
/* End PBXFrameworksBuildPhase section */

/* Begin PBXGroup section */
		3708A521F7D1F0789D240CDB /* Pods */ = {
			isa = PBXGroup;
			children = (
				DBDFFB4D9D8A442A13CE0206 /* Pods-Contacts.debug.xcconfig */,
				E0CB7530E04E2B8A7AA76E20 /* Pods-Contacts.release.xcconfig */,
				559352461DB642DB0C6F78D0 /* Pods-ContactsTests.debug.xcconfig */,
				9EBCCE2938938AF3B358AA69 /* Pods-ContactsTests.release.xcconfig */,
			);
			name = Pods;
			sourceTree = "<group>";
		};
		385898551F2817580021C9BA = {
			isa = PBXGroup;
			children = (
				385898961F2843C50021C9BA /* LICENSE */,
				385898971F2843C50021C9BA /* README.md */,
				385898981F2987B50021C9BA /* MVVM Diagram.png */,
				385898601F2817580021C9BA /* Contacts */,
				385898721F2817580021C9BA /* ContactsTests */,
				3858985F1F2817580021C9BA /* Products */,
				3708A521F7D1F0789D240CDB /* Pods */,
				74806C6AEBC4F583A8A8BE02 /* Frameworks */,
			);
			sourceTree = "<group>";
		};
		3858985F1F2817580021C9BA /* Products */ = {
			isa = PBXGroup;
			children = (
				3858985E1F2817580021C9BA /* Contacts.app */,
				3858986F1F2817580021C9BA /* ContactsTests.xctest */,
			);
			name = Products;
			sourceTree = "<group>";
		};
		385898601F2817580021C9BA /* Contacts */ = {
			isa = PBXGroup;
			children = (
				385898611F2817580021C9BA /* AppDelegate.swift */,
				385898921F282AF90021C9BA /* AutoLayout.swift */,
				3858988A1F2819560021C9BA /* ContactsTableViewController.swift */,
				385898901F28272B0021C9BA /* ContactTableViewCell.swift */,
				3858988C1F2819F40021C9BA /* Contact */,
				385898651F2817580021C9BA /* Assets.xcassets */,
				385898671F2817580021C9BA /* LaunchScreen.storyboard */,
				385898941F2837180021C9BA /* MOCK_DATA.json */,
				3858986A1F2817580021C9BA /* Info.plist */,
			);
			path = Contacts;
			sourceTree = "<group>";
		};
		385898721F2817580021C9BA /* ContactsTests */ = {
			isa = PBXGroup;
			children = (
				385898731F2817580021C9BA /* ContactsTests.swift */,
				385898751F2817580021C9BA /* Info.plist */,
			);
			path = ContactsTests;
			sourceTree = "<group>";
		};
		3858988C1F2819F40021C9BA /* Contact */ = {
			isa = PBXGroup;
			children = (
				385898801F28193D0021C9BA /* Contact.swift */,
				385898811F28193D0021C9BA /* ContactLogicManager.swift */,
				385898821F28193D0021C9BA /* ContactViewController.swift */,
				385898831F28193D0021C9BA /* ContactViewManager.swift */,
				385898841F28193D0021C9BA /* ContactViewModel.swift */,
			);
			name = Contact;
			sourceTree = "<group>";
		};
		74806C6AEBC4F583A8A8BE02 /* Frameworks */ = {
			isa = PBXGroup;
			children = (
				18C475ECD77F838B1FFAFCF7 /* Pods_Contacts.framework */,
				40DBF243C0EDD3AB6389FCFD /* Pods_ContactsTests.framework */,
			);
			name = Frameworks;
			sourceTree = "<group>";
		};
/* End PBXGroup section */

/* Begin PBXNativeTarget section */
		3858985D1F2817580021C9BA /* Contacts */ = {
			isa = PBXNativeTarget;
			buildConfigurationList = 385898781F2817580021C9BA /* Build configuration list for PBXNativeTarget "Contacts" */;
			buildPhases = (
				FB2F3192DA69BF990E91F867 /* [CP] Check Pods Manifest.lock */,
				3858985A1F2817580021C9BA /* Sources */,
				3858985B1F2817580021C9BA /* Frameworks */,
				3858985C1F2817580021C9BA /* Resources */,
				EAE367ED81A9D16AA8F878D4 /* [CP] Embed Pods Frameworks */,
				72D4C169E6BBC7F5F6E57DD8 /* [CP] Copy Pods Resources */,
			);
			buildRules = (
			);
			dependencies = (
			);
			name = Contacts;
			productName = Contacts;
			productReference = 3858985E1F2817580021C9BA /* Contacts.app */;
			productType = "com.apple.product-type.application";
		};
		3858986E1F2817580021C9BA /* ContactsTests */ = {
			isa = PBXNativeTarget;
			buildConfigurationList = 3858987B1F2817580021C9BA /* Build configuration list for PBXNativeTarget "ContactsTests" */;
			buildPhases = (
				79B032AC6DA26C271CC49453 /* [CP] Check Pods Manifest.lock */,
				3858986B1F2817580021C9BA /* Sources */,
				3858986C1F2817580021C9BA /* Frameworks */,
				3858986D1F2817580021C9BA /* Resources */,
				1BAB815769D952CBC33128AA /* [CP] Embed Pods Frameworks */,
				A32DD925EBDA8F455ABC3AA8 /* [CP] Copy Pods Resources */,
			);
			buildRules = (
			);
			dependencies = (
				385898711F2817580021C9BA /* PBXTargetDependency */,
			);
			name = ContactsTests;
			productName = ContactsTests;
			productReference = 3858986F1F2817580021C9BA /* ContactsTests.xctest */;
			productType = "com.apple.product-type.bundle.unit-test";
		};
/* End PBXNativeTarget section */

/* Begin PBXProject section */
		385898561F2817580021C9BA /* Project object */ = {
			isa = PBXProject;
			attributes = {
				LastSwiftUpdateCheck = 0830;
				LastUpgradeCheck = 0830;
				ORGANIZATIONNAME = "Nathan Tannar";
				TargetAttributes = {
					3858985D1F2817580021C9BA = {
						CreatedOnToolsVersion = 8.3.3;
						DevelopmentTeam = 9EUCWD26TP;
						ProvisioningStyle = Automatic;
					};
					3858986E1F2817580021C9BA = {
						CreatedOnToolsVersion = 8.3.3;
						DevelopmentTeam = 9EUCWD26TP;
						ProvisioningStyle = Automatic;
						TestTargetID = 3858985D1F2817580021C9BA;
					};
				};
			};
			buildConfigurationList = 385898591F2817580021C9BA /* Build configuration list for PBXProject "Contacts" */;
			compatibilityVersion = "Xcode 3.2";
			developmentRegion = English;
			hasScannedForEncodings = 0;
			knownRegions = (
				en,
				Base,
			);
			mainGroup = 385898551F2817580021C9BA;
			productRefGroup = 3858985F1F2817580021C9BA /* Products */;
			projectDirPath = "";
			projectRoot = "";
			targets = (
				3858985D1F2817580021C9BA /* Contacts */,
				3858986E1F2817580021C9BA /* ContactsTests */,
			);
		};
/* End PBXProject section */

/* Begin PBXResourcesBuildPhase section */
		3858985C1F2817580021C9BA /* Resources */ = {
			isa = PBXResourcesBuildPhase;
			buildActionMask = 2147483647;
			files = (
				385898951F2837180021C9BA /* MOCK_DATA.json in Resources */,
				385898661F2817580021C9BA /* Assets.xcassets in Resources */,
				385898691F2817580021C9BA /* LaunchScreen.storyboard in Resources */,
			);
			runOnlyForDeploymentPostprocessing = 0;
		};
		3858986D1F2817580021C9BA /* Resources */ = {
			isa = PBXResourcesBuildPhase;
			buildActionMask = 2147483647;
			files = (
			);
			runOnlyForDeploymentPostprocessing = 0;
		};
/* End PBXResourcesBuildPhase section */

/* Begin PBXShellScriptBuildPhase section */
		1BAB815769D952CBC33128AA /* [CP] Embed Pods Frameworks */ = {
			isa = PBXShellScriptBuildPhase;
			buildActionMask = 2147483647;
			files = (
			);
			inputPaths = (
			);
			name = "[CP] Embed Pods Frameworks";
			outputPaths = (
			);
			runOnlyForDeploymentPostprocessing = 0;
			shellPath = /bin/sh;
			shellScript = "\"${SRCROOT}/Pods/Target Support Files/Pods-ContactsTests/Pods-ContactsTests-frameworks.sh\"\n";
			showEnvVarsInLog = 0;
		};
		72D4C169E6BBC7F5F6E57DD8 /* [CP] Copy Pods Resources */ = {
			isa = PBXShellScriptBuildPhase;
			buildActionMask = 2147483647;
			files = (
			);
			inputPaths = (
			);
			name = "[CP] Copy Pods Resources";
			outputPaths = (
			);
			runOnlyForDeploymentPostprocessing = 0;
			shellPath = /bin/sh;
			shellScript = "\"${SRCROOT}/Pods/Target Support Files/Pods-Contacts/Pods-Contacts-resources.sh\"\n";
			showEnvVarsInLog = 0;
		};
		79B032AC6DA26C271CC49453 /* [CP] Check Pods Manifest.lock */ = {
			isa = PBXShellScriptBuildPhase;
			buildActionMask = 2147483647;
			files = (
			);
			inputPaths = (
			);
			name = "[CP] Check Pods Manifest.lock";
			outputPaths = (
			);
			runOnlyForDeploymentPostprocessing = 0;
			shellPath = /bin/sh;
			shellScript = "diff \"${PODS_PODFILE_DIR_PATH}/Podfile.lock\" \"${PODS_ROOT}/Manifest.lock\" > /dev/null\nif [ $? != 0 ] ; then\n    # print error to STDERR\n    echo \"error: The sandbox is not in sync with the Podfile.lock. Run 'pod install' or update your CocoaPods installation.\" >&2\n    exit 1\nfi\n";
			showEnvVarsInLog = 0;
		};
		A32DD925EBDA8F455ABC3AA8 /* [CP] Copy Pods Resources */ = {
			isa = PBXShellScriptBuildPhase;
			buildActionMask = 2147483647;
			files = (
			);
			inputPaths = (
			);
			name = "[CP] Copy Pods Resources";
			outputPaths = (
			);
			runOnlyForDeploymentPostprocessing = 0;
			shellPath = /bin/sh;
			shellScript = "\"${SRCROOT}/Pods/Target Support Files/Pods-ContactsTests/Pods-ContactsTests-resources.sh\"\n";
			showEnvVarsInLog = 0;
		};
		EAE367ED81A9D16AA8F878D4 /* [CP] Embed Pods Frameworks */ = {
			isa = PBXShellScriptBuildPhase;
			buildActionMask = 2147483647;
			files = (
			);
			inputPaths = (
			);
			name = "[CP] Embed Pods Frameworks";
			outputPaths = (
			);
			runOnlyForDeploymentPostprocessing = 0;
			shellPath = /bin/sh;
			shellScript = "\"${SRCROOT}/Pods/Target Support Files/Pods-Contacts/Pods-Contacts-frameworks.sh\"\n";
			showEnvVarsInLog = 0;
		};
		FB2F3192DA69BF990E91F867 /* [CP] Check Pods Manifest.lock */ = {
			isa = PBXShellScriptBuildPhase;
			buildActionMask = 2147483647;
			files = (
			);
			inputPaths = (
			);
			name = "[CP] Check Pods Manifest.lock";
			outputPaths = (
			);
			runOnlyForDeploymentPostprocessing = 0;
			shellPath = /bin/sh;
			shellScript = "diff \"${PODS_PODFILE_DIR_PATH}/Podfile.lock\" \"${PODS_ROOT}/Manifest.lock\" > /dev/null\nif [ $? != 0 ] ; then\n    # print error to STDERR\n    echo \"error: The sandbox is not in sync with the Podfile.lock. Run 'pod install' or update your CocoaPods installation.\" >&2\n    exit 1\nfi\n";
			showEnvVarsInLog = 0;
		};
/* End PBXShellScriptBuildPhase section */

/* Begin PBXSourcesBuildPhase section */
		3858985A1F2817580021C9BA /* Sources */ = {
			isa = PBXSourcesBuildPhase;
			buildActionMask = 2147483647;
			files = (
				385898851F28193D0021C9BA /* Contact.swift in Sources */,
				3858988B1F2819560021C9BA /* ContactsTableViewController.swift in Sources */,
				385898891F28193D0021C9BA /* ContactViewModel.swift in Sources */,
				385898931F282AF90021C9BA /* AutoLayout.swift in Sources */,
				385898871F28193D0021C9BA /* ContactViewController.swift in Sources */,
				385898911F28272B0021C9BA /* ContactTableViewCell.swift in Sources */,
				385898621F2817580021C9BA /* AppDelegate.swift in Sources */,
				385898881F28193D0021C9BA /* ContactViewManager.swift in Sources */,
				385898861F28193D0021C9BA /* ContactLogicManager.swift in Sources */,
			);
			runOnlyForDeploymentPostprocessing = 0;
		};
		3858986B1F2817580021C9BA /* Sources */ = {
			isa = PBXSourcesBuildPhase;
			buildActionMask = 2147483647;
			files = (
				385898741F2817580021C9BA /* ContactsTests.swift in Sources */,
			);
			runOnlyForDeploymentPostprocessing = 0;
		};
/* End PBXSourcesBuildPhase section */

/* Begin PBXTargetDependency section */
		385898711F2817580021C9BA /* PBXTargetDependency */ = {
			isa = PBXTargetDependency;
			target = 3858985D1F2817580021C9BA /* Contacts */;
			targetProxy = 385898701F2817580021C9BA /* PBXContainerItemProxy */;
		};
/* End PBXTargetDependency section */

/* Begin PBXVariantGroup section */
		385898671F2817580021C9BA /* LaunchScreen.storyboard */ = {
			isa = PBXVariantGroup;
			children = (
				385898681F2817580021C9BA /* Base */,
			);
			name = LaunchScreen.storyboard;
			sourceTree = "<group>";
		};
/* End PBXVariantGroup section */

/* Begin XCBuildConfiguration section */
		385898761F2817580021C9BA /* Debug */ = {
			isa = XCBuildConfiguration;
			buildSettings = {
				ALWAYS_SEARCH_USER_PATHS = NO;
				CLANG_ANALYZER_NONNULL = YES;
				CLANG_ANALYZER_NUMBER_OBJECT_CONVERSION = YES_AGGRESSIVE;
				CLANG_CXX_LANGUAGE_STANDARD = "gnu++0x";
				CLANG_CXX_LIBRARY = "libc++";
				CLANG_ENABLE_MODULES = YES;
				CLANG_ENABLE_OBJC_ARC = YES;
				CLANG_WARN_BOOL_CONVERSION = YES;
				CLANG_WARN_CONSTANT_CONVERSION = YES;
				CLANG_WARN_DIRECT_OBJC_ISA_USAGE = YES_ERROR;
				CLANG_WARN_DOCUMENTATION_COMMENTS = YES;
				CLANG_WARN_EMPTY_BODY = YES;
				CLANG_WARN_ENUM_CONVERSION = YES;
				CLANG_WARN_INFINITE_RECURSION = YES;
				CLANG_WARN_INT_CONVERSION = YES;
				CLANG_WARN_OBJC_ROOT_CLASS = YES_ERROR;
				CLANG_WARN_SUSPICIOUS_MOVE = YES;
				CLANG_WARN_UNREACHABLE_CODE = YES;
				CLANG_WARN__DUPLICATE_METHOD_MATCH = YES;
				"CODE_SIGN_IDENTITY[sdk=iphoneos*]" = "iPhone Developer";
				COPY_PHASE_STRIP = NO;
				DEBUG_INFORMATION_FORMAT = dwarf;
				ENABLE_STRICT_OBJC_MSGSEND = YES;
				ENABLE_TESTABILITY = YES;
				GCC_C_LANGUAGE_STANDARD = gnu99;
				GCC_DYNAMIC_NO_PIC = NO;
				GCC_NO_COMMON_BLOCKS = YES;
				GCC_OPTIMIZATION_LEVEL = 0;
				GCC_PREPROCESSOR_DEFINITIONS = (
					"DEBUG=1",
					"$(inherited)",
				);
				GCC_WARN_64_TO_32_BIT_CONVERSION = YES;
				GCC_WARN_ABOUT_RETURN_TYPE = YES_ERROR;
				GCC_WARN_UNDECLARED_SELECTOR = YES;
				GCC_WARN_UNINITIALIZED_AUTOS = YES_AGGRESSIVE;
				GCC_WARN_UNUSED_FUNCTION = YES;
				GCC_WARN_UNUSED_VARIABLE = YES;
				IPHONEOS_DEPLOYMENT_TARGET = 10.3;
				MTL_ENABLE_DEBUG_INFO = YES;
				ONLY_ACTIVE_ARCH = YES;
				SDKROOT = iphoneos;
				SWIFT_ACTIVE_COMPILATION_CONDITIONS = DEBUG;
				SWIFT_OPTIMIZATION_LEVEL = "-Onone";
				TARGETED_DEVICE_FAMILY = "1,2";
			};
			name = Debug;
		};
		385898771F2817580021C9BA /* Release */ = {
			isa = XCBuildConfiguration;
			buildSettings = {
				ALWAYS_SEARCH_USER_PATHS = NO;
				CLANG_ANALYZER_NONNULL = YES;
				CLANG_ANALYZER_NUMBER_OBJECT_CONVERSION = YES_AGGRESSIVE;
				CLANG_CXX_LANGUAGE_STANDARD = "gnu++0x";
				CLANG_CXX_LIBRARY = "libc++";
				CLANG_ENABLE_MODULES = YES;
				CLANG_ENABLE_OBJC_ARC = YES;
				CLANG_WARN_BOOL_CONVERSION = YES;
				CLANG_WARN_CONSTANT_CONVERSION = YES;
				CLANG_WARN_DIRECT_OBJC_ISA_USAGE = YES_ERROR;
				CLANG_WARN_DOCUMENTATION_COMMENTS = YES;
				CLANG_WARN_EMPTY_BODY = YES;
				CLANG_WARN_ENUM_CONVERSION = YES;
				CLANG_WARN_INFINITE_RECURSION = YES;
				CLANG_WARN_INT_CONVERSION = YES;
				CLANG_WARN_OBJC_ROOT_CLASS = YES_ERROR;
				CLANG_WARN_SUSPICIOUS_MOVE = YES;
				CLANG_WARN_UNREACHABLE_CODE = YES;
				CLANG_WARN__DUPLICATE_METHOD_MATCH = YES;
				"CODE_SIGN_IDENTITY[sdk=iphoneos*]" = "iPhone Developer";
				COPY_PHASE_STRIP = NO;
				DEBUG_INFORMATION_FORMAT = "dwarf-with-dsym";
				ENABLE_NS_ASSERTIONS = NO;
				ENABLE_STRICT_OBJC_MSGSEND = YES;
				GCC_C_LANGUAGE_STANDARD = gnu99;
				GCC_NO_COMMON_BLOCKS = YES;
				GCC_WARN_64_TO_32_BIT_CONVERSION = YES;
				GCC_WARN_ABOUT_RETURN_TYPE = YES_ERROR;
				GCC_WARN_UNDECLARED_SELECTOR = YES;
				GCC_WARN_UNINITIALIZED_AUTOS = YES_AGGRESSIVE;
				GCC_WARN_UNUSED_FUNCTION = YES;
				GCC_WARN_UNUSED_VARIABLE = YES;
				IPHONEOS_DEPLOYMENT_TARGET = 10.3;
				MTL_ENABLE_DEBUG_INFO = NO;
				SDKROOT = iphoneos;
				SWIFT_OPTIMIZATION_LEVEL = "-Owholemodule";
				TARGETED_DEVICE_FAMILY = "1,2";
				VALIDATE_PRODUCT = YES;
			};
			name = Release;
		};
		385898791F2817580021C9BA /* Debug */ = {
			isa = XCBuildConfiguration;
			baseConfigurationReference = DBDFFB4D9D8A442A13CE0206 /* Pods-Contacts.debug.xcconfig */;
			buildSettings = {
				ASSETCATALOG_COMPILER_APPICON_NAME = AppIcon;
				DEVELOPMENT_TEAM = 9EUCWD26TP;
				INFOPLIST_FILE = Contacts/Info.plist;
				LD_RUNPATH_SEARCH_PATHS = "$(inherited) @executable_path/Frameworks";
				PRODUCT_BUNDLE_IDENTIFIER = me.nathantannar.Contacts;
				PRODUCT_NAME = "$(TARGET_NAME)";
				SWIFT_VERSION = 3.0;
			};
			name = Debug;
		};
		3858987A1F2817580021C9BA /* Release */ = {
			isa = XCBuildConfiguration;
			baseConfigurationReference = E0CB7530E04E2B8A7AA76E20 /* Pods-Contacts.release.xcconfig */;
			buildSettings = {
				ASSETCATALOG_COMPILER_APPICON_NAME = AppIcon;
				DEVELOPMENT_TEAM = 9EUCWD26TP;
				INFOPLIST_FILE = Contacts/Info.plist;
				LD_RUNPATH_SEARCH_PATHS = "$(inherited) @executable_path/Frameworks";
				PRODUCT_BUNDLE_IDENTIFIER = me.nathantannar.Contacts;
				PRODUCT_NAME = "$(TARGET_NAME)";
				SWIFT_VERSION = 3.0;
			};
			name = Release;
		};
		3858987C1F2817580021C9BA /* Debug */ = {
			isa = XCBuildConfiguration;
			baseConfigurationReference = 559352461DB642DB0C6F78D0 /* Pods-ContactsTests.debug.xcconfig */;
			buildSettings = {
				ALWAYS_EMBED_SWIFT_STANDARD_LIBRARIES = YES;
				BUNDLE_LOADER = "$(TEST_HOST)";
				DEVELOPMENT_TEAM = 9EUCWD26TP;
				INFOPLIST_FILE = ContactsTests/Info.plist;
				LD_RUNPATH_SEARCH_PATHS = "$(inherited) @executable_path/Frameworks @loader_path/Frameworks";
				PRODUCT_BUNDLE_IDENTIFIER = me.nathantannar.ContactsTests;
				PRODUCT_NAME = "$(TARGET_NAME)";
				SWIFT_VERSION = 3.0;
				TEST_HOST = "$(BUILT_PRODUCTS_DIR)/Contacts.app/Contacts";
			};
			name = Debug;
		};
		3858987D1F2817580021C9BA /* Release */ = {
			isa = XCBuildConfiguration;
			baseConfigurationReference = 9EBCCE2938938AF3B358AA69 /* Pods-ContactsTests.release.xcconfig */;
			buildSettings = {
				ALWAYS_EMBED_SWIFT_STANDARD_LIBRARIES = YES;
				BUNDLE_LOADER = "$(TEST_HOST)";
				DEVELOPMENT_TEAM = 9EUCWD26TP;
				INFOPLIST_FILE = ContactsTests/Info.plist;
				LD_RUNPATH_SEARCH_PATHS = "$(inherited) @executable_path/Frameworks @loader_path/Frameworks";
				PRODUCT_BUNDLE_IDENTIFIER = me.nathantannar.ContactsTests;
				PRODUCT_NAME = "$(TARGET_NAME)";
				SWIFT_VERSION = 3.0;
				TEST_HOST = "$(BUILT_PRODUCTS_DIR)/Contacts.app/Contacts";
			};
			name = Release;
		};
/* End XCBuildConfiguration section */

/* Begin XCConfigurationList section */
		385898591F2817580021C9BA /* Build configuration list for PBXProject "Contacts" */ = {
			isa = XCConfigurationList;
			buildConfigurations = (
				385898761F2817580021C9BA /* Debug */,
				385898771F2817580021C9BA /* Release */,
			);
			defaultConfigurationIsVisible = 0;
			defaultConfigurationName = Release;
		};
		385898781F2817580021C9BA /* Build configuration list for PBXNativeTarget "Contacts" */ = {
			isa = XCConfigurationList;
			buildConfigurations = (
				385898791F2817580021C9BA /* Debug */,
				3858987A1F2817580021C9BA /* Release */,
			);
			defaultConfigurationIsVisible = 0;
			defaultConfigurationName = Release;
		};
		3858987B1F2817580021C9BA /* Build configuration list for PBXNativeTarget "ContactsTests" */ = {
			isa = XCConfigurationList;
			buildConfigurations = (
				3858987C1F2817580021C9BA /* Debug */,
				3858987D1F2817580021C9BA /* Release */,
			);
			defaultConfigurationIsVisible = 0;
			defaultConfigurationName = Release;
		};
/* End XCConfigurationList section */
	};
	rootObject = 385898561F2817580021C9BA /* Project object */;
}
